
Microsoft Visual Studio Solution File, Format Version 12.00
# Visual Studio Version 16
VisualStudioVersion = 16.0.32002.261
MinimumVisualStudioVersion = 10.0.40219.1
Project("{FAE04EC0-301F-11D3-BF4B-00C04F79EFBC}") = "01. Ages", "01. Ages\01. Ages.csproj", "{7F366EDA-BF62-423C-B793-44674F8E284D}"
EndProject
Project("{FAE04EC0-301F-11D3-BF4B-00C04F79EFBC}") = "02. Division", "02. Division\02. Division.csproj", "{B0122415-B2AD-4C18-8165-B93213DED723}"
EndProject
Project("{FAE04EC0-301F-11D3-BF4B-00C04F79EFBC}") = "03. Vacation", "03. Vacation\03. Vacation.csproj", "{1F8796C8-D274-41BA-ACE4-910B0B4FF873}"
EndProject
Project("{FAE04EC0-301F-11D3-BF4B-00C04F79EFBC}") = "04. Print and sum", "04. Print and sum\04. Print and sum.csproj", "{9235EB87-4B2A-4B86-BD6A-D33FD4155117}"
EndProject
Project("{FAE04EC0-301F-11D3-BF4B-00C04F79EFBC}") = "05. Login", "05. Login\05. Login.csproj", "{3D3B6D44-3BAE-451D-9406-5159478458CF}"
EndProject
Project("{FAE04EC0-301F-11D3-BF4B-00C04F79EFBC}") = "06. Strong number", "06. Strong number\06. Strong number.csproj", "{312A5689-462B-413E-8B75-7655BCE58AC1}"
EndProject
Project("{FAE04EC0-301F-11D3-BF4B-00C04F79EFBC}") = "07. Vending Machine", "07. Vending Machine\07. Vending Machine.csproj", "{CF246F89-4319-433B-91ED-439719798B1D}"
EndProject
Global
	GlobalSection(SolutionConfigurationPlatforms) = preSolution
		Debug|Any CPU = Debug|Any CPU
		Release|Any CPU = Release|Any CPU
	EndGlobalSection
	GlobalSection(ProjectConfigurationPlatforms) = postSolution
		{7F366EDA-BF62-423C-B793-44674F8E284D}.Debug|Any CPU.ActiveCfg = Debug|Any CPU
		{7F366EDA-BF62-423C-B793-44674F8E284D}.Debug|Any CPU.Build.0 = Debug|Any CPU
		{7F366EDA-BF62-423C-B793-44674F8E284D}.Release|Any CPU.ActiveCfg = Release|Any CPU
		{7F366EDA-BF62-423C-B793-44674F8E284D}.Release|Any CPU.Build.0 = Release|Any CPU
		{B0122415-B2AD-4C18-8165-B93213DED723}.Debug|Any CPU.ActiveCfg = Debug|Any CPU
		{B0122415-B2AD-4C18-8165-B93213DED723}.Debug|Any CPU.Build.0 = Debug|Any CPU
		{B0122415-B2AD-4C18-8165-B93213DED723}.Release|Any CPU.ActiveCfg = Release|Any CPU
		{B0122415-B2AD-4C18-8165-B93213DED723}.Release|Any CPU.Build.0 = Release|Any CPU
		{1F8796C8-D274-41BA-ACE4-910B0B4FF873}.Debug|Any CPU.ActiveCfg = Debug|Any CPU
		{1F8796C8-D274-41BA-ACE4-910B0B4FF873}.Debug|Any CPU.Build.0 = Debug|Any CPU
		{1F8796C8-D274-41BA-ACE4-910B0B4FF873}.Release|Any CPU.ActiveCfg = Release|Any CPU
		{1F8796C8-D274-41BA-ACE4-910B0B4FF873}.Release|Any CPU.Build.0 = Release|Any CPU
		{9235EB87-4B2A-4B86-BD6A-D33FD4155117}.Debug|Any CPU.ActiveCfg = Debug|Any CPU
		{9235EB87-4B2A-4B86-BD6A-D33FD4155117}.Debug|Any CPU.Build.0 = Debug|Any CPU
		{9235EB87-4B2A-4B86-BD6A-D33FD4155117}.Release|Any CPU.ActiveCfg = Release|Any CPU
		{9235EB87-4B2A-4B86-BD6A-D33FD4155117}.Release|Any CPU.Build.0 = Release|Any CPU
		{3D3B6D44-3BAE-451D-9406-5159478458CF}.Debug|Any CPU.ActiveCfg = Debug|Any CPU
		{3D3B6D44-3BAE-451D-9406-5159478458CF}.Debug|Any CPU.Build.0 = Debug|Any CPU
		{3D3B6D44-3BAE-451D-9406-5159478458CF}.Release|Any CPU.ActiveCfg = Release|Any CPU
		{3D3B6D44-3BAE-451D-9406-5159478458CF}.Release|Any CPU.Build.0 = Release|Any CPU
		{312A5689-462B-413E-8B75-7655BCE58AC1}.Debug|Any CPU.ActiveCfg = Debug|Any CPU
		{312A5689-462B-413E-8B75-7655BCE58AC1}.Debug|Any CPU.Build.0 = Debug|Any CPU
		{312A5689-462B-413E-8B75-7655BCE58AC1}.Release|Any CPU.ActiveCfg = Release|Any CPU
		{312A5689-462B-413E-8B75-7655BCE58AC1}.Release|Any CPU.Build.0 = Release|Any CPU
		{CF246F89-4319-433B-91ED-439719798B1D}.Debug|Any CPU.ActiveCfg = Debug|Any CPU
		{CF246F89-4319-433B-91ED-439719798B1D}.Debug|Any CPU.Build.0 = Debug|Any CPU
		{CF246F89-4319-433B-91ED-439719798B1D}.Release|Any CPU.ActiveCfg = Release|Any CPU
		{CF246F89-4319-433B-91ED-439719798B1D}.Release|Any CPU.Build.0 = Release|Any CPU
	EndGlobalSection
	GlobalSection(SolutionProperties) = preSolution
		HideSolutionNode = FALSE
	EndGlobalSection
	GlobalSection(ExtensibilityGlobals) = postSolution
		SolutionGuid = {7E7C0BEF-1C97-4525-A0A3-3CC3C8D6B126}
	EndGlobalSection
EndGlobal
